
Microsoft Visual Studio Solution File, Format Version 12.00
# Visual Studio 2012
Project("{FAE04EC0-301F-11D3-BF4B-00C04F79EFBC}") = "DevExpress.SalesDemo.Win", "DevExpress.SalesDemo.Win\DevExpress.SalesDemo.Win.csproj", "{DA1F26EE-76D6-497F-96AE-A3E6832B5635}"
EndProject
Project("{FAE04EC0-301F-11D3-BF4B-00C04F79EFBC}") = "DevExpress.SalesDemo.Model", "DevExpress.SalesDemo.Model\DevExpress.SalesDemo.Model.csproj", "{A1FA4771-94BD-4481-9D16-491B006F3830}"
EndProject
Global
	GlobalSection(SolutionConfigurationPlatforms) = preSolution
		Debug|Any CPU = Debug|Any CPU
		Release|Any CPU = Release|Any CPU
	EndGlobalSection
	GlobalSection(ProjectConfigurationPlatforms) = postSolution
		{DA1F26EE-76D6-497F-96AE-A3E6832B5635}.Debug|Any CPU.ActiveCfg = Debug|Any CPU
		{DA1F26EE-76D6-497F-96AE-A3E6832B5635}.Debug|Any CPU.Build.0 = Debug|Any CPU
		{DA1F26EE-76D6-497F-96AE-A3E6832B5635}.Release|Any CPU.ActiveCfg = Release|Any CPU
		{DA1F26EE-76D6-497F-96AE-A3E6832B5635}.Release|Any CPU.Build.0 = Release|Any CPU
		{A1FA4771-94BD-4481-9D16-491B006F3830}.Debug|Any CPU.ActiveCfg = Debug|Any CPU
		{A1FA4771-94BD-4481-9D16-491B006F3830}.Debug|Any CPU.Build.0 = Debug|Any CPU
		{A1FA4771-94BD-4481-9D16-491B006F3830}.Release|Any CPU.ActiveCfg = Release|Any CPU
		{A1FA4771-94BD-4481-9D16-491B006F3830}.Release|Any CPU.Build.0 = Release|Any CPU
	EndGlobalSection
	GlobalSection(SolutionProperties) = preSolution
		HideSolutionNode = FALSE
	EndGlobalSection
EndGlobal
