Microsoft Visual Studio Solution File, Format Version 11.00
# Visual Studio 2010
Project("{E24C65DC-7377-472B-9ABA-BC803B73C61A}") = "ChartsWebDemo", ".\", "{F0D8B84B-6318-47CA-8772-21182296B61C}"
	ProjectSection(WebsiteProperties) = preProject
		TargetFrameworkMoniker = ".NETFramework,Version%3Dv4.0"
		Debug.AspNetCompiler.VirtualPath = "/ChartsWebDemo"
		Debug.AspNetCompiler.PhysicalPath = ".\"
		Debug.AspNetCompiler.TargetPath = "..\PrecompiledWeb\ChartsWebDemo\"
		Debug.AspNetCompiler.Updateable = "true"
		Debug.AspNetCompiler.ForceOverwrite = "true"
		Debug.AspNetCompiler.FixedNames = "false"
		Debug.AspNetCompiler.Debug = "True"
		Release.AspNetCompiler.VirtualPath = "/ChartsWebDemo"
		Release.AspNetCompiler.PhysicalPath = ".\"
		Release.AspNetCompiler.TargetPath = "..\PrecompiledWeb\ChartsWebDemo\"
		Release.AspNetCompiler.Updateable = "true"
		Release.AspNetCompiler.ForceOverwrite = "true"
		Release.AspNetCompiler.FixedNames = "false"
		Release.AspNetCompiler.Debug = "False"
		SlnRelativePath = ".\"
	EndProjectSection
EndProject
Global
	GlobalSection(SolutionConfigurationPlatforms) = preSolution
		Debug|.NET = Debug|.NET
		Debug|Any CPU = Debug|Any CPU
		Release|.NET = Release|.NET
		Release|Any CPU = Release|Any CPU
	EndGlobalSection
	GlobalSection(ProjectConfigurationPlatforms) = postSolution
		{F0D8B84B-6318-47CA-8772-21182296B61C}.Debug|.NET.ActiveCfg = Debug|.NET
		{F0D8B84B-6318-47CA-8772-21182296B61C}.Debug|.NET.Build.0 = Debug|.NET
		{F0D8B84B-6318-47CA-8772-21182296B61C}.Debug|Any CPU.ActiveCfg = Debug|.NET
		{F0D8B84B-6318-47CA-8772-21182296B61C}.Release|.NET.ActiveCfg = Debug|.NET
		{F0D8B84B-6318-47CA-8772-21182296B61C}.Release|.NET.Build.0 = Debug|.NET
		{F0D8B84B-6318-47CA-8772-21182296B61C}.Release|Any CPU.ActiveCfg = Debug|.NET
	EndGlobalSection
	GlobalSection(SolutionProperties) = preSolution
		HideSolutionNode = FALSE
		StartPage="default.htm"
	EndGlobalSection
EndGlobal