
Microsoft Visual Studio Solution File, Format Version 12.00
# Visual Studio 2010
Project("{98431A0A-982C-410D-B1FB-06AD13D4ACFB}") = "DevExpress.HybridApp.Win", "DevExpress.HybridApp.Win\DevExpress.HybridApp.Win.csproj", "{98431A0A-982C-410D-B1FB-06AD13D4ACFB}"
EndProject
Global
	GlobalSection(SolutionConfigurationPlatforms) = preSolution
		Debug|Any CPU = Debug|Any CPU
		Release|Any CPU = Release|Any CPU
	EndGlobalSection
	GlobalSection(ProjectConfigurationPlatforms) = postSolution
		{98431A0A-982C-410D-B1FB-06AD13D4ACFB}.Debug|Any CPU.ActiveCfg = Debug|Any CPU
		{98431A0A-982C-410D-B1FB-06AD13D4ACFB}.Debug|Any CPU.Build.0 = Debug|Any CPU
		{98431A0A-982C-410D-B1FB-06AD13D4ACFB}.Release|Any CPU.ActiveCfg = Release|Any CPU
		{98431A0A-982C-410D-B1FB-06AD13D4ACFB}.Release|Any CPU.Build.0 = Release|Any CPU
		{98431A0A-982C-410D-B1FB-06AD13D4ACFB}.RemoteDebug|Any CPU.ActiveCfg = RemoteDebug|Any CPU
		{98431A0A-982C-410D-B1FB-06AD13D4ACFB}.RemoteDebug|Any CPU.Build.0 = RemoteDebug|Any CPU
	EndGlobalSection
	GlobalSection(SolutionProperties) = preSolution
		HideSolutionNode = FALSE
	EndGlobalSection
EndGlobal
