Microsoft Visual Studio Solution File, Format Version 11.00
# Visual Studio 2010
Project("{FAE04EC0-301F-11D3-BF4B-00C04F79EFBC}") = "VertGridTutorials", "VertGridTutorials.csproj", "{AD985D9C-70A3-43B1-919F-BDEC68AEF04F}"
EndProject
Global
	GlobalSection(SolutionConfigurationPlatforms) = preSolution
		Debug|Any CPU = Debug|Any CPU
		Release|Any CPU = Release|Any CPU
	EndGlobalSection
	GlobalSection(ProjectDependencies) = postSolution
	EndGlobalSection
	GlobalSection(ProjectConfigurationPlatforms) = postSolution
		{AD985D9C-70A3-43B1-919F-BDEC68AEF04F}.Debug|Any CPU.ActiveCfg = Debug|Any CPU
		{AD985D9C-70A3-43B1-919F-BDEC68AEF04F}.Debug|Any CPU.Build.0 = Debug|Any CPU
		{AD985D9C-70A3-43B1-919F-BDEC68AEF04F}.Release|Any CPU.ActiveCfg = Release|Any CPU
		{AD985D9C-70A3-43B1-919F-BDEC68AEF04F}.Release|Any CPU.Build.0 = Release|Any CPU
	EndGlobalSection
	GlobalSection(SolutionProperties) = preSolution
		HideSolutionNode = FALSE
	EndGlobalSection
EndGlobal
