
Microsoft Visual Studio Solution File, Format Version 11.00
# Visual Studio 2010
Project("{FAE04EC0-301F-11D3-BF4B-00C04F79EFBC}") = "XVideoRental.Module.Win", "XVideoRental.Module.Win\XVideoRental.Module.Win.csproj", "{3EF22D83-3110-4AB6-99FD-1346A5784800}"
EndProject
Project("{FAE04EC0-301F-11D3-BF4B-00C04F79EFBC}") = "XVideoRental.Win", "XVideoRental.Win\XVideoRental.Win.csproj", "{F9B6C458-59EB-44FC-899C-DBCBA869C08E}"
EndProject
Project("{FAE04EC0-301F-11D3-BF4B-00C04F79EFBC}") = "Common.Win", "Common.Win\Common.Win.csproj", "{A3C8541F-31A9-4B68-AF6F-62BF5B9C37F0}"
EndProject
Global
	GlobalSection(SolutionConfigurationPlatforms) = preSolution
		Debug|Any CPU = Debug|Any CPU
		Release|Any CPU = Release|Any CPU
	EndGlobalSection
	GlobalSection(ProjectConfigurationPlatforms) = postSolution
		{3EF22D83-3110-4AB6-99FD-1346A5784800}.Debug|Any CPU.ActiveCfg = Debug|Any CPU
		{3EF22D83-3110-4AB6-99FD-1346A5784800}.Debug|Any CPU.Build.0 = Debug|Any CPU
		{3EF22D83-3110-4AB6-99FD-1346A5784800}.Release|Any CPU.ActiveCfg = Release|Any CPU
		{3EF22D83-3110-4AB6-99FD-1346A5784800}.Release|Any CPU.Build.0 = Release|Any CPU
		{F9B6C458-59EB-44FC-899C-DBCBA869C08E}.Debug|Any CPU.ActiveCfg = Debug|Any CPU
		{F9B6C458-59EB-44FC-899C-DBCBA869C08E}.Debug|Any CPU.Build.0 = Debug|Any CPU
		{F9B6C458-59EB-44FC-899C-DBCBA869C08E}.Release|Any CPU.ActiveCfg = Release|Any CPU
		{F9B6C458-59EB-44FC-899C-DBCBA869C08E}.Release|Any CPU.Build.0 = Release|Any CPU
		{A3C8541F-31A9-4B68-AF6F-62BF5B9C37F0}.Debug|Any CPU.ActiveCfg = Debug|Any CPU
		{A3C8541F-31A9-4B68-AF6F-62BF5B9C37F0}.Debug|Any CPU.Build.0 = Debug|Any CPU
		{A3C8541F-31A9-4B68-AF6F-62BF5B9C37F0}.Release|Any CPU.ActiveCfg = Release|Any CPU
		{A3C8541F-31A9-4B68-AF6F-62BF5B9C37F0}.Release|Any CPU.Build.0 = Release|Any CPU
	EndGlobalSection
	GlobalSection(SolutionProperties) = preSolution
		HideSolutionNode = FALSE
	EndGlobalSection
EndGlobal
