Microsoft Visual Studio Solution File, Format Version 11.00
# Visual Studio 2010
Project("{E24C65DC-7377-472B-9ABA-BC803B73C61A}") = "ASPxCardViewDemos", ".\", "{564FE357-A2E1-4137-A0A0-783B33D047A8}"
	ProjectSection(WebsiteProperties) = preProject
		TargetFrameworkMoniker = ".NETFramework,Version%3Dv4.0"
		Debug.AspNetCompiler.VirtualPath = "/ASPxCardViewDemos"
		Debug.AspNetCompiler.PhysicalPath = ".\"
		Debug.AspNetCompiler.TargetPath = "..\PrecompiledWeb\ASPxCardViewDemos\"
		Debug.AspNetCompiler.Updateable = "true"
		Debug.AspNetCompiler.ForceOverwrite = "true"
		Debug.AspNetCompiler.FixedNames = "false"
		Debug.AspNetCompiler.Debug = "True"
		Release.AspNetCompiler.VirtualPath = "/ASPxCardViewDemos"
		Release.AspNetCompiler.PhysicalPath = ".\"
		Release.AspNetCompiler.TargetPath = "..\PrecompiledWeb\ASPxCardViewDemos\"
		Release.AspNetCompiler.Updateable = "true"
		Release.AspNetCompiler.ForceOverwrite = "true"
		Release.AspNetCompiler.FixedNames = "false"
		Release.AspNetCompiler.Debug = "False"
		SlnRelativePath = ".\"
	EndProjectSection
EndProject
Global
	GlobalSection(SolutionConfigurationPlatforms) = preSolution
		Debug|.NET = Debug|.NET
		Debug|Any CPU = Debug|Any CPU
		Release|.NET = Release|.NET
		Release|Any CPU = Release|Any CPU
	EndGlobalSection
	GlobalSection(ProjectConfigurationPlatforms) = postSolution
		{564FE357-A2E1-4137-A0A0-783B33D047A8}.Debug|.NET.ActiveCfg = Debug|.NET
		{564FE357-A2E1-4137-A0A0-783B33D047A8}.Debug|.NET.Build.0 = Debug|.NET
		{564FE357-A2E1-4137-A0A0-783B33D047A8}.Debug|Any CPU.ActiveCfg = Debug|.NET
		{564FE357-A2E1-4137-A0A0-783B33D047A8}.Release|.NET.ActiveCfg = Debug|.NET
		{564FE357-A2E1-4137-A0A0-783B33D047A8}.Release|.NET.Build.0 = Debug|.NET
		{564FE357-A2E1-4137-A0A0-783B33D047A8}.Release|Any CPU.ActiveCfg = Debug|.NET
	EndGlobalSection
	GlobalSection(SolutionProperties) = preSolution
		HideSolutionNode = FALSE
		StartPage="Default.aspx"
	EndGlobalSection
EndGlobal