Microsoft Visual Studio Solution File, Format Version 11.00
# Visual Studio 2010
Project("{E24C65DC-7377-472B-9ABA-BC803B73C61A}") = "ASPxFileManagerAndUploadDemos", ".\", "{C7A78686-9D4E-48E1-9FD6-06403E918591}"
	ProjectSection(WebsiteProperties) = preProject
		TargetFrameworkMoniker = ".NETFramework,Version%3Dv4.0"
		Debug.AspNetCompiler.VirtualPath = "/ASPxFileManagerAndUploadDemos"
		Debug.AspNetCompiler.PhysicalPath = ".\"
		Debug.AspNetCompiler.TargetPath = "..\PrecompiledWeb\ASPxFileManagerAndUploadDemos\"
		Debug.AspNetCompiler.Updateable = "true"
		Debug.AspNetCompiler.ForceOverwrite = "true"
		Debug.AspNetCompiler.FixedNames = "false"
		Debug.AspNetCompiler.Debug = "True"
		Release.AspNetCompiler.VirtualPath = "/ASPxFileManagerAndUploadDemos"
		Release.AspNetCompiler.PhysicalPath = ".\"
		Release.AspNetCompiler.TargetPath = "..\PrecompiledWeb\ASPxFileManagerAndUploadDemos\"
		Release.AspNetCompiler.Updateable = "true"
		Release.AspNetCompiler.ForceOverwrite = "true"
		Release.AspNetCompiler.FixedNames = "false"
		Release.AspNetCompiler.Debug = "False"
		SlnRelativePath = ".\"
	EndProjectSection
EndProject
Global
	GlobalSection(SolutionConfigurationPlatforms) = preSolution
		Debug|.NET = Debug|.NET
		Debug|Any CPU = Debug|Any CPU
		Release|.NET = Release|.NET
		Release|Any CPU = Release|Any CPU
	EndGlobalSection
	GlobalSection(ProjectConfigurationPlatforms) = postSolution
		{C7A78686-9D4E-48E1-9FD6-06403E918591}.Debug|.NET.ActiveCfg = Debug|.NET
		{C7A78686-9D4E-48E1-9FD6-06403E918591}.Debug|.NET.Build.0 = Debug|.NET
		{C7A78686-9D4E-48E1-9FD6-06403E918591}.Debug|Any CPU.ActiveCfg = Debug|.NET
		{C7A78686-9D4E-48E1-9FD6-06403E918591}.Release|.NET.ActiveCfg = Debug|.NET
		{C7A78686-9D4E-48E1-9FD6-06403E918591}.Release|.NET.Build.0 = Debug|.NET
		{C7A78686-9D4E-48E1-9FD6-06403E918591}.Release|Any CPU.ActiveCfg = Debug|.NET
	EndGlobalSection
	GlobalSection(SolutionProperties) = preSolution
		HideSolutionNode = FALSE
		StartPage="Default.aspx"
	EndGlobalSection
EndGlobal