Microsoft Visual Studio Solution File, Format Version 11.00
# Visual Studio 2010
Project("{E24C65DC-7377-472B-9ABA-BC803B73C61A}") = "DocumentServerWebDemo", ".\", "{AFBCC74B-FACC-426F-AA46-87F0737ED3B8}"
	ProjectSection(WebsiteProperties) = preProject
		TargetFrameworkMoniker = ".NETFramework,Version%3Dv4.0"
		Debug.AspNetCompiler.VirtualPath = "/DocumentServerWebDemo"
		Debug.AspNetCompiler.PhysicalPath = ".\"
		Debug.AspNetCompiler.TargetPath = "..\PrecompiledWeb\DocumentServerWebDemo\"
		Debug.AspNetCompiler.Updateable = "true"
		Debug.AspNetCompiler.ForceOverwrite = "true"
		Debug.AspNetCompiler.FixedNames = "false"
		Debug.AspNetCompiler.Debug = "True"
		Release.AspNetCompiler.VirtualPath = "/DocumentServerWebDemo"
		Release.AspNetCompiler.PhysicalPath = ".\"
		Release.AspNetCompiler.TargetPath = "..\PrecompiledWeb\DocumentServerWebDemo\"
		Release.AspNetCompiler.Updateable = "true"
		Release.AspNetCompiler.ForceOverwrite = "true"
		Release.AspNetCompiler.FixedNames = "false"
		Release.AspNetCompiler.Debug = "False"
		SlnRelativePath = ".\"
	EndProjectSection
EndProject
Global
	GlobalSection(SolutionConfigurationPlatforms) = preSolution
		Debug|.NET = Debug|.NET
		Debug|Any CPU = Debug|Any CPU
		Release|.NET = Release|.NET
		Release|Any CPU = Release|Any CPU
	EndGlobalSection
	GlobalSection(ProjectConfigurationPlatforms) = postSolution
		{AFBCC74B-FACC-426F-AA46-87F0737ED3B8}.Debug|.NET.ActiveCfg = Debug|.NET
		{AFBCC74B-FACC-426F-AA46-87F0737ED3B8}.Debug|.NET.Build.0 = Debug|.NET
		{AFBCC74B-FACC-426F-AA46-87F0737ED3B8}.Debug|Any CPU.ActiveCfg = Debug|.NET
		{AFBCC74B-FACC-426F-AA46-87F0737ED3B8}.Release|.NET.ActiveCfg = Debug|.NET
		{AFBCC74B-FACC-426F-AA46-87F0737ED3B8}.Release|.NET.Build.0 = Debug|.NET
		{AFBCC74B-FACC-426F-AA46-87F0737ED3B8}.Release|Any CPU.ActiveCfg = Debug|.NET
	EndGlobalSection
	GlobalSection(SolutionProperties) = preSolution
		HideSolutionNode = FALSE
		StartPage="default.htm"
	EndGlobalSection
EndGlobal