Microsoft Visual Studio Solution File, Format Version 11.00
# Visual Studio 2010
Project("{E24C65DC-7377-472B-9ABA-BC803B73C61A}") = "ASPxTreeListDemos", ".\", "{B48F1186-95EB-4173-8803-DBB0F665070A}"
	ProjectSection(WebsiteProperties) = preProject
		TargetFrameworkMoniker = ".NETFramework,Version%3Dv4.0"
		Debug.AspNetCompiler.VirtualPath = "/ASPxTreeListDemos"
		Debug.AspNetCompiler.PhysicalPath = ".\"
		Debug.AspNetCompiler.TargetPath = "..\PrecompiledWeb\ASPxTreeListDemos\"
		Debug.AspNetCompiler.Updateable = "true"
		Debug.AspNetCompiler.ForceOverwrite = "true"
		Debug.AspNetCompiler.FixedNames = "false"
		Debug.AspNetCompiler.Debug = "True"
		Release.AspNetCompiler.VirtualPath = "/ASPxTreeListDemos"
		Release.AspNetCompiler.PhysicalPath = ".\"
		Release.AspNetCompiler.TargetPath = "..\PrecompiledWeb\ASPxTreeListDemos\"
		Release.AspNetCompiler.Updateable = "true"
		Release.AspNetCompiler.ForceOverwrite = "true"
		Release.AspNetCompiler.FixedNames = "false"
		Release.AspNetCompiler.Debug = "False"
		SlnRelativePath = ".\"
	EndProjectSection
EndProject
Global
	GlobalSection(SolutionConfigurationPlatforms) = preSolution
		Debug|.NET = Debug|.NET
		Debug|Any CPU = Debug|Any CPU
		Release|.NET = Release|.NET
		Release|Any CPU = Release|Any CPU
	EndGlobalSection
	GlobalSection(ProjectConfigurationPlatforms) = postSolution
		{B48F1186-95EB-4173-8803-DBB0F665070A}.Debug|.NET.ActiveCfg = Debug|.NET
		{B48F1186-95EB-4173-8803-DBB0F665070A}.Debug|.NET.Build.0 = Debug|.NET
		{B48F1186-95EB-4173-8803-DBB0F665070A}.Debug|Any CPU.ActiveCfg = Debug|.NET
		{B48F1186-95EB-4173-8803-DBB0F665070A}.Release|.NET.ActiveCfg = Debug|.NET
		{B48F1186-95EB-4173-8803-DBB0F665070A}.Release|.NET.Build.0 = Debug|.NET
		{B48F1186-95EB-4173-8803-DBB0F665070A}.Release|Any CPU.ActiveCfg = Debug|.NET
	EndGlobalSection
	GlobalSection(SolutionProperties) = preSolution
		HideSolutionNode = FALSE
		StartPage="Default.aspx"
	EndGlobalSection
EndGlobal