Microsoft Visual Studio Solution File, Format Version 11.00
# Visual Studio 2010
Project("{E24C65DC-7377-472B-9ABA-BC803B73C61A}") = "DevAV", ".\", "{6D097620-8C06-4911-B455-D27A2C4116AF}"
	ProjectSection(WebsiteProperties) = preProject
		TargetFrameworkMoniker = ".NETFramework,Version%3Dv4.0"
		Debug.AspNetCompiler.VirtualPath = "/DevAV"
		Debug.AspNetCompiler.PhysicalPath = ".\"
		Debug.AspNetCompiler.TargetPath = "..\PrecompiledWeb\DevAV\"
		Debug.AspNetCompiler.Updateable = "true"
		Debug.AspNetCompiler.ForceOverwrite = "true"
		Debug.AspNetCompiler.FixedNames = "false"
		Debug.AspNetCompiler.Debug = "True"
		Release.AspNetCompiler.VirtualPath = "/DevAV"
		Release.AspNetCompiler.PhysicalPath = ".\"
		Release.AspNetCompiler.TargetPath = "..\PrecompiledWeb\DevAV\"
		Release.AspNetCompiler.Updateable = "true"
		Release.AspNetCompiler.ForceOverwrite = "true"
		Release.AspNetCompiler.FixedNames = "false"
		Release.AspNetCompiler.Debug = "False"
		SlnRelativePath = ".\"
	EndProjectSection
EndProject
Global
	GlobalSection(SolutionConfigurationPlatforms) = preSolution
		Debug|.NET = Debug|.NET
		Debug|Any CPU = Debug|Any CPU
		Release|.NET = Release|.NET
		Release|Any CPU = Release|Any CPU
	EndGlobalSection
	GlobalSection(ProjectConfigurationPlatforms) = postSolution
		{6D097620-8C06-4911-B455-D27A2C4116AF}.Debug|.NET.ActiveCfg = Debug|.NET
		{6D097620-8C06-4911-B455-D27A2C4116AF}.Debug|.NET.Build.0 = Debug|.NET
		{6D097620-8C06-4911-B455-D27A2C4116AF}.Debug|Any CPU.ActiveCfg = Debug|.NET
		{6D097620-8C06-4911-B455-D27A2C4116AF}.Release|.NET.ActiveCfg = Debug|.NET
		{6D097620-8C06-4911-B455-D27A2C4116AF}.Release|.NET.Build.0 = Debug|.NET
		{6D097620-8C06-4911-B455-D27A2C4116AF}.Release|Any CPU.ActiveCfg = Debug|.NET
	EndGlobalSection
	GlobalSection(SolutionProperties) = preSolution
		HideSolutionNode = FALSE
		StartPage="default.htm"
	EndGlobalSection
EndGlobal