Microsoft Visual Studio Solution File, Format Version 11.00
# Visual Studio 2010
Project("{E24C65DC-7377-472B-9ABA-BC803B73C61A}") = "ASPxSpellCheckerDemos", ".\", "{92C5DD79-D2D5-434F-B3AC-32F89E8917A4}"
	ProjectSection(WebsiteProperties) = preProject
		TargetFrameworkMoniker = ".NETFramework,Version%3Dv4.0"
		Debug.AspNetCompiler.VirtualPath = "/ASPxSpellCheckerDemos"
		Debug.AspNetCompiler.PhysicalPath = ".\"
		Debug.AspNetCompiler.TargetPath = "..\PrecompiledWeb\ASPxSpellCheckerDemos\"
		Debug.AspNetCompiler.Updateable = "true"
		Debug.AspNetCompiler.ForceOverwrite = "true"
		Debug.AspNetCompiler.FixedNames = "false"
		Debug.AspNetCompiler.Debug = "True"
		Release.AspNetCompiler.VirtualPath = "/ASPxSpellCheckerDemos"
		Release.AspNetCompiler.PhysicalPath = ".\"
		Release.AspNetCompiler.TargetPath = "..\PrecompiledWeb\ASPxSpellCheckerDemos\"
		Release.AspNetCompiler.Updateable = "true"
		Release.AspNetCompiler.ForceOverwrite = "true"
		Release.AspNetCompiler.FixedNames = "false"
		Release.AspNetCompiler.Debug = "False"
		SlnRelativePath = ".\"
	EndProjectSection
EndProject
Global
	GlobalSection(SolutionConfigurationPlatforms) = preSolution
		Debug|.NET = Debug|.NET
		Debug|Any CPU = Debug|Any CPU
		Release|.NET = Release|.NET
		Release|Any CPU = Release|Any CPU
	EndGlobalSection
	GlobalSection(ProjectConfigurationPlatforms) = postSolution
		{92C5DD79-D2D5-434F-B3AC-32F89E8917A4}.Debug|.NET.ActiveCfg = Debug|.NET
		{92C5DD79-D2D5-434F-B3AC-32F89E8917A4}.Debug|.NET.Build.0 = Debug|.NET
		{92C5DD79-D2D5-434F-B3AC-32F89E8917A4}.Debug|Any CPU.ActiveCfg = Debug|.NET
		{92C5DD79-D2D5-434F-B3AC-32F89E8917A4}.Release|.NET.ActiveCfg = Debug|.NET
		{92C5DD79-D2D5-434F-B3AC-32F89E8917A4}.Release|.NET.Build.0 = Debug|.NET
		{92C5DD79-D2D5-434F-B3AC-32F89E8917A4}.Release|Any CPU.ActiveCfg = Debug|.NET
	EndGlobalSection
	GlobalSection(SolutionProperties) = preSolution
		HideSolutionNode = FALSE
		StartPage="Default.aspx"
	EndGlobalSection
EndGlobal