Microsoft Visual Studio Solution File, Format Version 11.00
# Visual Studio 2010
Project("{F184B08F-C81C-45F6-A57F-5ABD9991F28F}") = "ContactManagement", "ContactManagement.vbproj", "{67B4BED3-CC09-4B0D-890C-05C2E8B2C57A}"
EndProject
Global
	GlobalSection(SolutionConfigurationPlatforms) = preSolution
		Debug|Any CPU = Debug|Any CPU
		Release|Any CPU = Release|Any CPU
	EndGlobalSection
	GlobalSection(ProjectDependencies) = postSolution
	EndGlobalSection
	GlobalSection(ProjectConfigurationPlatforms) = postSolution
		{67B4BED3-CC09-4B0D-890C-05C2E8B2C57A}.Debug|Any CPU.ActiveCfg = Debug|Any CPU
		{67B4BED3-CC09-4B0D-890C-05C2E8B2C57A}.Debug|Any CPU.Build.0 = Debug|Any CPU
		{67B4BED3-CC09-4B0D-890C-05C2E8B2C57A}.Release|Any CPU.ActiveCfg = Release|Any CPU
		{67B4BED3-CC09-4B0D-890C-05C2E8B2C57A}.Release|Any CPU.Build.0 = Release|Any CPU
	EndGlobalSection
	GlobalSection(SolutionProperties) = preSolution
		HideSolutionNode = FALSE
	EndGlobalSection
EndGlobal
