Microsoft Visual Studio Solution File, Format Version 11.00
# Visual Studio 2010
Project("{F184B08F-C81C-45F6-A57F-5ABD9991F28F}") = "SchedulerMainDemo", "SchedulerMainDemo.vbproj", "{73BB869A-89D2-4F66-A433-FD9857E2D8BD}"
EndProject
Global
	GlobalSection(SolutionConfigurationPlatforms) = preSolution
		Debug|Any CPU = Debug|Any CPU
		Release|Any CPU = Release|Any CPU
	EndGlobalSection
	GlobalSection(ProjectDependencies) = postSolution
	EndGlobalSection
	GlobalSection(ProjectConfigurationPlatforms) = postSolution
		{73BB869A-89D2-4F66-A433-FD9857E2D8BD}.Debug|Any CPU.ActiveCfg = Debug|Any CPU
		{73BB869A-89D2-4F66-A433-FD9857E2D8BD}.Debug|Any CPU.Build.0 = Debug|Any CPU
		{73BB869A-89D2-4F66-A433-FD9857E2D8BD}.Release|Any CPU.ActiveCfg = Release|Any CPU
		{73BB869A-89D2-4F66-A433-FD9857E2D8BD}.Release|Any CPU.Build.0 = Release|Any CPU
	EndGlobalSection
	GlobalSection(SolutionProperties) = preSolution
		HideSolutionNode = FALSE
	EndGlobalSection
EndGlobal
