
Microsoft Visual Studio Solution File, Format Version 12.00
# Visual Studio 14
VisualStudioVersion = 14.0.23103.0
MinimumVisualStudioVersion = 10.0.40219.1
Project("{FAE04EC0-301F-11D3-BF4B-00C04F79EFBC}") = "HybridApp", "HybridApp\HybridApp.csproj", "{3468BC93-7873-4894-91CB-2C2F11BD8E69}"
EndProject
Global
	GlobalSection(SolutionConfigurationPlatforms) = preSolution
		Debug|x86 = Debug|x86
		DebugARM|x86 = DebugARM|x86
		Release|x86 = Release|x86
		ReleaseARM|x86 = ReleaseARM|x86
	EndGlobalSection
	GlobalSection(ProjectConfigurationPlatforms) = postSolution
		{3468BC93-7873-4894-91CB-2C2F11BD8E69}.Debug|x86.ActiveCfg = Debug|x86
		{3468BC93-7873-4894-91CB-2C2F11BD8E69}.Debug|x86.Build.0 = Debug|x86
		{3468BC93-7873-4894-91CB-2C2F11BD8E69}.Debug|x86.Deploy.0 = Debug|x86
		{3468BC93-7873-4894-91CB-2C2F11BD8E69}.DebugARM|x86.ActiveCfg = DebugARM|ARM
		{3468BC93-7873-4894-91CB-2C2F11BD8E69}.DebugARM|x86.Build.0 = DebugARM|ARM
		{3468BC93-7873-4894-91CB-2C2F11BD8E69}.DebugARM|x86.Deploy.0 = DebugARM|ARM
		{3468BC93-7873-4894-91CB-2C2F11BD8E69}.Release|x86.ActiveCfg = Release|x86
		{3468BC93-7873-4894-91CB-2C2F11BD8E69}.Release|x86.Build.0 = Release|x86
		{3468BC93-7873-4894-91CB-2C2F11BD8E69}.Release|x86.Deploy.0 = Release|x86
		{3468BC93-7873-4894-91CB-2C2F11BD8E69}.ReleaseARM|x86.ActiveCfg = ReleaseARM|ARM
		{3468BC93-7873-4894-91CB-2C2F11BD8E69}.ReleaseARM|x86.Build.0 = ReleaseARM|ARM
		{3468BC93-7873-4894-91CB-2C2F11BD8E69}.ReleaseARM|x86.Deploy.0 = ReleaseARM|ARM
	EndGlobalSection
	GlobalSection(SolutionProperties) = preSolution
		HideSolutionNode = FALSE
	EndGlobalSection
EndGlobal
