Microsoft Visual Studio Solution File, Format Version 11.00
# Visual Studio 2010
Project("{FAE04EC0-301F-11D3-BF4B-00C04F79EFBC}") = "ReportMainDemo", "ReportMainDemo.csproj", "{A5AC469E-2C49-4D40-9348-673D1656341A}"
EndProject
Global
	GlobalSection(SolutionConfigurationPlatforms) = preSolution
		Debug|Any CPU = Debug|Any CPU
		Release|Any CPU = Release|Any CPU
	EndGlobalSection
	GlobalSection(ProjectDependencies) = postSolution
	EndGlobalSection
	GlobalSection(ProjectConfigurationPlatforms) = postSolution
		{A5AC469E-2C49-4D40-9348-673D1656341A}.Debug|Any CPU.ActiveCfg = Debug|Any CPU
		{A5AC469E-2C49-4D40-9348-673D1656341A}.Debug|Any CPU.Build.0 = Debug|Any CPU
		{A5AC469E-2C49-4D40-9348-673D1656341A}.Release|Any CPU.ActiveCfg = Release|Any CPU
		{A5AC469E-2C49-4D40-9348-673D1656341A}.Release|Any CPU.Build.0 = Release|Any CPU
	EndGlobalSection
	GlobalSection(SolutionProperties) = preSolution
		HideSolutionNode = FALSE
	EndGlobalSection
EndGlobal
