Microsoft Visual Studio Solution File, Format Version 11.00
# Visual Studio 2010
Project("{FAE04EC0-301F-11D3-BF4B-00C04F79EFBC}") = "DocsMainDemo", "DocsMainDemo.csproj", "{8FC73700-23FB-4E8D-B117-F8DBD4FD4139}"
EndProject
Global
	GlobalSection(SolutionConfigurationPlatforms) = preSolution
		Debug|Any CPU = Debug|Any CPU
		Release|Any CPU = Release|Any CPU
	EndGlobalSection
	GlobalSection(ProjectDependencies) = postSolution
	EndGlobalSection
	GlobalSection(ProjectConfigurationPlatforms) = postSolution
		{8FC73700-23FB-4E8D-B117-F8DBD4FD4139}.Debug|Any CPU.ActiveCfg = Debug|Any CPU
		{8FC73700-23FB-4E8D-B117-F8DBD4FD4139}.Debug|Any CPU.Build.0 = Debug|Any CPU
		{8FC73700-23FB-4E8D-B117-F8DBD4FD4139}.Release|Any CPU.ActiveCfg = Release|Any CPU
		{8FC73700-23FB-4E8D-B117-F8DBD4FD4139}.Release|Any CPU.Build.0 = Release|Any CPU
	EndGlobalSection
	GlobalSection(SolutionProperties) = preSolution
		HideSolutionNode = FALSE
	EndGlobalSection
EndGlobal
