Microsoft Visual Studio Solution File, Format Version 11.00
# Visual Studio 2010
Project("{FAE04EC0-301F-11D3-BF4B-00C04F79EFBC}") = "StockMarketWidgets", "StockMarketWidgets.csproj", "{014236E5-F9C0-4E64-8E93-172F698E558D}"
EndProject
Global
	GlobalSection(SolutionConfigurationPlatforms) = preSolution
		Debug|Any CPU = Debug|Any CPU
		Release|Any CPU = Release|Any CPU
	EndGlobalSection
	GlobalSection(ProjectDependencies) = postSolution
	EndGlobalSection
	GlobalSection(ProjectConfigurationPlatforms) = postSolution
		{014236E5-F9C0-4E64-8E93-172F698E558D}.Debug|Any CPU.ActiveCfg = Debug|Any CPU
		{014236E5-F9C0-4E64-8E93-172F698E558D}.Debug|Any CPU.Build.0 = Debug|Any CPU
		{014236E5-F9C0-4E64-8E93-172F698E558D}.Release|Any CPU.ActiveCfg = Release|Any CPU
		{014236E5-F9C0-4E64-8E93-172F698E558D}.Release|Any CPU.Build.0 = Release|Any CPU
	EndGlobalSection
	GlobalSection(SolutionProperties) = preSolution
		HideSolutionNode = FALSE
	EndGlobalSection
EndGlobal
