Microsoft Visual Studio Solution File, Format Version 11.00
# Visual Studio 2010
Project("{E24C65DC-7377-472B-9ABA-BC803B73C61A}") = "BootstrapDemos", ".\", "{091F8EA0-0AAA-490B-92E9-161E2BF91558}"
	ProjectSection(WebsiteProperties) = preProject
		TargetFrameworkMoniker = ".NETFramework,Version%3Dv4.0"
		Debug.AspNetCompiler.VirtualPath = "/BootstrapDemos"
		Debug.AspNetCompiler.PhysicalPath = ".\"
		Debug.AspNetCompiler.TargetPath = "..\PrecompiledWeb\BootstrapDemos\"
		Debug.AspNetCompiler.Updateable = "true"
		Debug.AspNetCompiler.ForceOverwrite = "true"
		Debug.AspNetCompiler.FixedNames = "false"
		Debug.AspNetCompiler.Debug = "True"
		Release.AspNetCompiler.VirtualPath = "/BootstrapDemos"
		Release.AspNetCompiler.PhysicalPath = ".\"
		Release.AspNetCompiler.TargetPath = "..\PrecompiledWeb\BootstrapDemos\"
		Release.AspNetCompiler.Updateable = "true"
		Release.AspNetCompiler.ForceOverwrite = "true"
		Release.AspNetCompiler.FixedNames = "false"
		Release.AspNetCompiler.Debug = "False"
		SlnRelativePath = ".\"
	EndProjectSection
EndProject
Global
	GlobalSection(SolutionConfigurationPlatforms) = preSolution
		Debug|.NET = Debug|.NET
		Debug|Any CPU = Debug|Any CPU
		Release|.NET = Release|.NET
		Release|Any CPU = Release|Any CPU
	EndGlobalSection
	GlobalSection(ProjectConfigurationPlatforms) = postSolution
		{091F8EA0-0AAA-490B-92E9-161E2BF91558}.Debug|.NET.ActiveCfg = Debug|.NET
		{091F8EA0-0AAA-490B-92E9-161E2BF91558}.Debug|.NET.Build.0 = Debug|.NET
		{091F8EA0-0AAA-490B-92E9-161E2BF91558}.Debug|Any CPU.ActiveCfg = Debug|.NET
		{091F8EA0-0AAA-490B-92E9-161E2BF91558}.Release|.NET.ActiveCfg = Debug|.NET
		{091F8EA0-0AAA-490B-92E9-161E2BF91558}.Release|.NET.Build.0 = Debug|.NET
		{091F8EA0-0AAA-490B-92E9-161E2BF91558}.Release|Any CPU.ActiveCfg = Debug|.NET
	EndGlobalSection
	GlobalSection(SolutionProperties) = preSolution
		HideSolutionNode = FALSE
		StartPage="Default.aspx"
	EndGlobalSection
EndGlobal