Microsoft Visual Studio Solution File, Format Version 11.00
# Visual Studio 2010
Project("{E24C65DC-7377-472B-9ABA-BC803B73C61A}") = "SalesViewer", ".\", "{4B329B5A-8EF1-42D8-91AF-0FE17719EE2D}"
	ProjectSection(WebsiteProperties) = preProject
		TargetFrameworkMoniker = ".NETFramework,Version%3Dv4.0"
		Debug.AspNetCompiler.VirtualPath = "/SalesViewer"
		Debug.AspNetCompiler.PhysicalPath = ".\"
		Debug.AspNetCompiler.TargetPath = "..\PrecompiledWeb\SalesViewer\"
		Debug.AspNetCompiler.Updateable = "true"
		Debug.AspNetCompiler.ForceOverwrite = "true"
		Debug.AspNetCompiler.FixedNames = "false"
		Debug.AspNetCompiler.Debug = "True"
		Release.AspNetCompiler.VirtualPath = "/SalesViewer"
		Release.AspNetCompiler.PhysicalPath = ".\"
		Release.AspNetCompiler.TargetPath = "..\PrecompiledWeb\SalesViewer\"
		Release.AspNetCompiler.Updateable = "true"
		Release.AspNetCompiler.ForceOverwrite = "true"
		Release.AspNetCompiler.FixedNames = "false"
		Release.AspNetCompiler.Debug = "False"
		SlnRelativePath = ".\"
	EndProjectSection
EndProject
Global
	GlobalSection(SolutionConfigurationPlatforms) = preSolution
		Debug|.NET = Debug|.NET
		Debug|Any CPU = Debug|Any CPU
		Release|.NET = Release|.NET
		Release|Any CPU = Release|Any CPU
	EndGlobalSection
	GlobalSection(ProjectConfigurationPlatforms) = postSolution
		{4B329B5A-8EF1-42D8-91AF-0FE17719EE2D}.Debug|.NET.ActiveCfg = Debug|.NET
		{4B329B5A-8EF1-42D8-91AF-0FE17719EE2D}.Debug|.NET.Build.0 = Debug|.NET
		{4B329B5A-8EF1-42D8-91AF-0FE17719EE2D}.Debug|Any CPU.ActiveCfg = Debug|.NET
		{4B329B5A-8EF1-42D8-91AF-0FE17719EE2D}.Release|.NET.ActiveCfg = Debug|.NET
		{4B329B5A-8EF1-42D8-91AF-0FE17719EE2D}.Release|.NET.Build.0 = Debug|.NET
		{4B329B5A-8EF1-42D8-91AF-0FE17719EE2D}.Release|Any CPU.ActiveCfg = Debug|.NET
	EndGlobalSection
	GlobalSection(SolutionProperties) = preSolution
		HideSolutionNode = FALSE
		StartPage="default.htm"
	EndGlobalSection
EndGlobal