Microsoft Visual Studio Solution File, Format Version 11.00
# Visual Studio 2010
Project("{FAE04EC0-301F-11D3-BF4B-00C04F79EFBC}") = "MVVMMainDemo", "MVVMMainDemo.csproj", "{C636C3EB-8BBB-44CA-A14D-8329B1AD8851}"
EndProject
Global
	GlobalSection(SolutionConfigurationPlatforms) = preSolution
		Debug|Any CPU = Debug|Any CPU
		Release|Any CPU = Release|Any CPU
	EndGlobalSection
	GlobalSection(ProjectDependencies) = postSolution
	EndGlobalSection
	GlobalSection(ProjectConfigurationPlatforms) = postSolution
		{C636C3EB-8BBB-44CA-A14D-8329B1AD8851}.Debug|Any CPU.ActiveCfg = Debug|Any CPU
		{C636C3EB-8BBB-44CA-A14D-8329B1AD8851}.Debug|Any CPU.Build.0 = Debug|Any CPU
		{C636C3EB-8BBB-44CA-A14D-8329B1AD8851}.Release|Any CPU.ActiveCfg = Release|Any CPU
		{C636C3EB-8BBB-44CA-A14D-8329B1AD8851}.Release|Any CPU.Build.0 = Release|Any CPU
	EndGlobalSection
	GlobalSection(SolutionProperties) = preSolution
		HideSolutionNode = FALSE
	EndGlobalSection
EndGlobal
