Microsoft Visual Studio Solution File, Format Version 11.00
# Visual Studio 2010
Project("{E24C65DC-7377-472B-9ABA-BC803B73C61A}") = "XpoODataService", ".\", "{F8D6973B-9D12-4AB6-8EF9-5E2D8F97E8E9}"
	ProjectSection(WebsiteProperties) = preProject
		TargetFrameworkMoniker = ".NETFramework,Version%3Dv4.0"
		Debug.AspNetCompiler.VirtualPath = "/XpoODataService"
		Debug.AspNetCompiler.PhysicalPath = ".\"
		Debug.AspNetCompiler.TargetPath = "..\PrecompiledWeb\XpoODataService\"
		Debug.AspNetCompiler.Updateable = "true"
		Debug.AspNetCompiler.ForceOverwrite = "true"
		Debug.AspNetCompiler.FixedNames = "false"
		Debug.AspNetCompiler.Debug = "True"
		Release.AspNetCompiler.VirtualPath = "/XpoODataService"
		Release.AspNetCompiler.PhysicalPath = ".\"
		Release.AspNetCompiler.TargetPath = "..\PrecompiledWeb\XpoODataService\"
		Release.AspNetCompiler.Updateable = "true"
		Release.AspNetCompiler.ForceOverwrite = "true"
		Release.AspNetCompiler.FixedNames = "false"
		Release.AspNetCompiler.Debug = "False"
		SlnRelativePath = ".\"
	EndProjectSection
EndProject
Global
	GlobalSection(SolutionConfigurationPlatforms) = preSolution
		Debug|.NET = Debug|.NET
		Debug|Any CPU = Debug|Any CPU
		Release|.NET = Release|.NET
		Release|Any CPU = Release|Any CPU
	EndGlobalSection
	GlobalSection(ProjectConfigurationPlatforms) = postSolution
		{F8D6973B-9D12-4AB6-8EF9-5E2D8F97E8E9}.Debug|.NET.ActiveCfg = Debug|.NET
		{F8D6973B-9D12-4AB6-8EF9-5E2D8F97E8E9}.Debug|.NET.Build.0 = Debug|.NET
		{F8D6973B-9D12-4AB6-8EF9-5E2D8F97E8E9}.Debug|Any CPU.ActiveCfg = Debug|.NET
		{F8D6973B-9D12-4AB6-8EF9-5E2D8F97E8E9}.Release|.NET.ActiveCfg = Debug|.NET
		{F8D6973B-9D12-4AB6-8EF9-5E2D8F97E8E9}.Release|.NET.Build.0 = Debug|.NET
		{F8D6973B-9D12-4AB6-8EF9-5E2D8F97E8E9}.Release|Any CPU.ActiveCfg = Debug|.NET
	EndGlobalSection
	GlobalSection(SolutionProperties) = preSolution
		HideSolutionNode = FALSE
		StartPage="default.htm"
	EndGlobalSection
EndGlobal