Microsoft Visual Studio Solution File, Format Version 11.00
# Visual Studio 2010
Project("{FAE04EC0-301F-11D3-BF4B-00C04F79EFBC}") = "EditorsMainDemo", "EditorsMainDemo.csproj", "{FF2E834C-02C8-4E1C-84A6-C4B94BB4E59E}"
EndProject
Global
	GlobalSection(SolutionConfigurationPlatforms) = preSolution
		Debug|Any CPU = Debug|Any CPU
		Release|Any CPU = Release|Any CPU
	EndGlobalSection
	GlobalSection(ProjectDependencies) = postSolution
	EndGlobalSection
	GlobalSection(ProjectConfigurationPlatforms) = postSolution
		{FF2E834C-02C8-4E1C-84A6-C4B94BB4E59E}.Debug|Any CPU.ActiveCfg = Debug|Any CPU
		{FF2E834C-02C8-4E1C-84A6-C4B94BB4E59E}.Debug|Any CPU.Build.0 = Debug|Any CPU
		{FF2E834C-02C8-4E1C-84A6-C4B94BB4E59E}.Release|Any CPU.ActiveCfg = Release|Any CPU
		{FF2E834C-02C8-4E1C-84A6-C4B94BB4E59E}.Release|Any CPU.Build.0 = Release|Any CPU
	EndGlobalSection
	GlobalSection(SolutionProperties) = preSolution
		HideSolutionNode = FALSE
	EndGlobalSection
EndGlobal
