Microsoft Visual Studio Solution File, Format Version 11.00
# Visual Studio 2010
Project("{FAE04EC0-301F-11D3-BF4B-00C04F79EFBC}") = "PivotGridOlapBrowser", "PivotGridOlapBrowser.csproj", "{4A0E1459-3765-406D-BFB1-F141E26281A9}"
EndProject
Global
	GlobalSection(SolutionConfigurationPlatforms) = preSolution
		Debug|Any CPU = Debug|Any CPU
		Release|Any CPU = Release|Any CPU
	EndGlobalSection
	GlobalSection(ProjectDependencies) = postSolution
	EndGlobalSection
	GlobalSection(ProjectConfigurationPlatforms) = postSolution
		{4A0E1459-3765-406D-BFB1-F141E26281A9}.Debug|Any CPU.ActiveCfg = Debug|Any CPU
		{4A0E1459-3765-406D-BFB1-F141E26281A9}.Debug|Any CPU.Build.0 = Debug|Any CPU
		{4A0E1459-3765-406D-BFB1-F141E26281A9}.Release|Any CPU.ActiveCfg = Release|Any CPU
		{4A0E1459-3765-406D-BFB1-F141E26281A9}.Release|Any CPU.Build.0 = Release|Any CPU
	EndGlobalSection
	GlobalSection(SolutionProperties) = preSolution
		HideSolutionNode = FALSE
	EndGlobalSection
EndGlobal
