Microsoft Visual Studio Solution File, Format Version 11.00
# Visual Studio 2010
Project("{E24C65DC-7377-472B-9ABA-BC803B73C61A}") = "ASPxMultiUseControlsDemos", ".\", "{4C4AE223-9E8D-4F76-9A62-23B57D5C4238}"
	ProjectSection(WebsiteProperties) = preProject
		TargetFrameworkMoniker = ".NETFramework,Version%3Dv4.0"
		Debug.AspNetCompiler.VirtualPath = "/ASPxMultiUseControlsDemos"
		Debug.AspNetCompiler.PhysicalPath = ".\"
		Debug.AspNetCompiler.TargetPath = "..\PrecompiledWeb\ASPxMultiUseControlsDemos\"
		Debug.AspNetCompiler.Updateable = "true"
		Debug.AspNetCompiler.ForceOverwrite = "true"
		Debug.AspNetCompiler.FixedNames = "false"
		Debug.AspNetCompiler.Debug = "True"
		Release.AspNetCompiler.VirtualPath = "/ASPxMultiUseControlsDemos"
		Release.AspNetCompiler.PhysicalPath = ".\"
		Release.AspNetCompiler.TargetPath = "..\PrecompiledWeb\ASPxMultiUseControlsDemos\"
		Release.AspNetCompiler.Updateable = "true"
		Release.AspNetCompiler.ForceOverwrite = "true"
		Release.AspNetCompiler.FixedNames = "false"
		Release.AspNetCompiler.Debug = "False"
		SlnRelativePath = ".\"
	EndProjectSection
EndProject
Global
	GlobalSection(SolutionConfigurationPlatforms) = preSolution
		Debug|.NET = Debug|.NET
		Debug|Any CPU = Debug|Any CPU
		Release|.NET = Release|.NET
		Release|Any CPU = Release|Any CPU
	EndGlobalSection
	GlobalSection(ProjectConfigurationPlatforms) = postSolution
		{4C4AE223-9E8D-4F76-9A62-23B57D5C4238}.Debug|.NET.ActiveCfg = Debug|.NET
		{4C4AE223-9E8D-4F76-9A62-23B57D5C4238}.Debug|.NET.Build.0 = Debug|.NET
		{4C4AE223-9E8D-4F76-9A62-23B57D5C4238}.Debug|Any CPU.ActiveCfg = Debug|.NET
		{4C4AE223-9E8D-4F76-9A62-23B57D5C4238}.Release|.NET.ActiveCfg = Debug|.NET
		{4C4AE223-9E8D-4F76-9A62-23B57D5C4238}.Release|.NET.Build.0 = Debug|.NET
		{4C4AE223-9E8D-4F76-9A62-23B57D5C4238}.Release|Any CPU.ActiveCfg = Debug|.NET
	EndGlobalSection
	GlobalSection(SolutionProperties) = preSolution
		HideSolutionNode = FALSE
		StartPage="Default.aspx"
	EndGlobalSection
EndGlobal