Microsoft Visual Studio Solution File, Format Version 11.00
# Visual Studio 2010
Project("{E24C65DC-7377-472B-9ABA-BC803B73C61A}") = "HotelBooking.Tablet", ".\", "{6306BB44-CB74-4032-B5EF-62C4D306F279}"
	ProjectSection(WebsiteProperties) = preProject
		TargetFrameworkMoniker = ".NETFramework,Version%3Dv4.0"
		Debug.AspNetCompiler.VirtualPath = "/HotelBooking.Tablet"
		Debug.AspNetCompiler.PhysicalPath = ".\"
		Debug.AspNetCompiler.TargetPath = "..\PrecompiledWeb\HotelBooking.Tablet\"
		Debug.AspNetCompiler.Updateable = "true"
		Debug.AspNetCompiler.ForceOverwrite = "true"
		Debug.AspNetCompiler.FixedNames = "false"
		Debug.AspNetCompiler.Debug = "True"
		Release.AspNetCompiler.VirtualPath = "/HotelBooking.Tablet"
		Release.AspNetCompiler.PhysicalPath = ".\"
		Release.AspNetCompiler.TargetPath = "..\PrecompiledWeb\HotelBooking.Tablet\"
		Release.AspNetCompiler.Updateable = "true"
		Release.AspNetCompiler.ForceOverwrite = "true"
		Release.AspNetCompiler.FixedNames = "false"
		Release.AspNetCompiler.Debug = "False"
		SlnRelativePath = ".\"
	EndProjectSection
EndProject
Global
	GlobalSection(SolutionConfigurationPlatforms) = preSolution
		Debug|.NET = Debug|.NET
		Debug|Any CPU = Debug|Any CPU
		Release|.NET = Release|.NET
		Release|Any CPU = Release|Any CPU
	EndGlobalSection
	GlobalSection(ProjectConfigurationPlatforms) = postSolution
		{6306BB44-CB74-4032-B5EF-62C4D306F279}.Debug|.NET.ActiveCfg = Debug|.NET
		{6306BB44-CB74-4032-B5EF-62C4D306F279}.Debug|.NET.Build.0 = Debug|.NET
		{6306BB44-CB74-4032-B5EF-62C4D306F279}.Debug|Any CPU.ActiveCfg = Debug|.NET
		{6306BB44-CB74-4032-B5EF-62C4D306F279}.Release|.NET.ActiveCfg = Debug|.NET
		{6306BB44-CB74-4032-B5EF-62C4D306F279}.Release|.NET.Build.0 = Debug|.NET
		{6306BB44-CB74-4032-B5EF-62C4D306F279}.Release|Any CPU.ActiveCfg = Debug|.NET
	EndGlobalSection
	GlobalSection(SolutionProperties) = preSolution
		HideSolutionNode = FALSE
		StartPage="default.htm"
	EndGlobalSection
EndGlobal