Microsoft Visual Studio Solution File, Format Version 11.00
# Visual Studio 2010
Project("{FAE04EC0-301F-11D3-BF4B-00C04F79EFBC}") = "GridTutorials", "GridTutorials.csproj", "{4FFC1082-E22F-4E11-86D9-C4DE925CC9D0}"
EndProject
Global
	GlobalSection(SolutionConfigurationPlatforms) = preSolution
		Debug|Any CPU = Debug|Any CPU
		Release|Any CPU = Release|Any CPU
	EndGlobalSection
	GlobalSection(ProjectDependencies) = postSolution
	EndGlobalSection
	GlobalSection(ProjectConfigurationPlatforms) = postSolution
		{4FFC1082-E22F-4E11-86D9-C4DE925CC9D0}.Debug|Any CPU.ActiveCfg = Debug|Any CPU
		{4FFC1082-E22F-4E11-86D9-C4DE925CC9D0}.Debug|Any CPU.Build.0 = Debug|Any CPU
		{4FFC1082-E22F-4E11-86D9-C4DE925CC9D0}.Release|Any CPU.ActiveCfg = Release|Any CPU
		{4FFC1082-E22F-4E11-86D9-C4DE925CC9D0}.Release|Any CPU.Build.0 = Release|Any CPU
	EndGlobalSection
	GlobalSection(SolutionProperties) = preSolution
		HideSolutionNode = FALSE
	EndGlobalSection
EndGlobal
