Microsoft Visual Studio Solution File, Format Version 11.00
# Visual Studio 2010
Project("{E24C65DC-7377-472B-9ABA-BC803B73C61A}") = "ASPxImageAndDataNavigationDemos", ".\", "{7E47CC52-F16C-41DC-91D9-A2BA4F24AAEF}"
	ProjectSection(WebsiteProperties) = preProject
		TargetFrameworkMoniker = ".NETFramework,Version%3Dv4.0"
		Debug.AspNetCompiler.VirtualPath = "/ASPxImageAndDataNavigationDemos"
		Debug.AspNetCompiler.PhysicalPath = ".\"
		Debug.AspNetCompiler.TargetPath = "..\PrecompiledWeb\ASPxImageAndDataNavigationDemos\"
		Debug.AspNetCompiler.Updateable = "true"
		Debug.AspNetCompiler.ForceOverwrite = "true"
		Debug.AspNetCompiler.FixedNames = "false"
		Debug.AspNetCompiler.Debug = "True"
		Release.AspNetCompiler.VirtualPath = "/ASPxImageAndDataNavigationDemos"
		Release.AspNetCompiler.PhysicalPath = ".\"
		Release.AspNetCompiler.TargetPath = "..\PrecompiledWeb\ASPxImageAndDataNavigationDemos\"
		Release.AspNetCompiler.Updateable = "true"
		Release.AspNetCompiler.ForceOverwrite = "true"
		Release.AspNetCompiler.FixedNames = "false"
		Release.AspNetCompiler.Debug = "False"
		SlnRelativePath = ".\"
	EndProjectSection
EndProject
Global
	GlobalSection(SolutionConfigurationPlatforms) = preSolution
		Debug|.NET = Debug|.NET
		Debug|Any CPU = Debug|Any CPU
		Release|.NET = Release|.NET
		Release|Any CPU = Release|Any CPU
	EndGlobalSection
	GlobalSection(ProjectConfigurationPlatforms) = postSolution
		{7E47CC52-F16C-41DC-91D9-A2BA4F24AAEF}.Debug|.NET.ActiveCfg = Debug|.NET
		{7E47CC52-F16C-41DC-91D9-A2BA4F24AAEF}.Debug|.NET.Build.0 = Debug|.NET
		{7E47CC52-F16C-41DC-91D9-A2BA4F24AAEF}.Debug|Any CPU.ActiveCfg = Debug|.NET
		{7E47CC52-F16C-41DC-91D9-A2BA4F24AAEF}.Release|.NET.ActiveCfg = Debug|.NET
		{7E47CC52-F16C-41DC-91D9-A2BA4F24AAEF}.Release|.NET.Build.0 = Debug|.NET
		{7E47CC52-F16C-41DC-91D9-A2BA4F24AAEF}.Release|Any CPU.ActiveCfg = Debug|.NET
	EndGlobalSection
	GlobalSection(SolutionProperties) = preSolution
		HideSolutionNode = FALSE
		StartPage="Default.aspx"
	EndGlobalSection
EndGlobal