Microsoft Visual Studio Solution File, Format Version 11.00
# Visual Studio 2010
Project("{E24C65DC-7377-472B-9ABA-BC803B73C61A}") = "HotelBooking.Desktop", ".\", "{D6533CAB-3EC0-4E7D-8742-941001C42ED5}"
	ProjectSection(WebsiteProperties) = preProject
		TargetFrameworkMoniker = ".NETFramework,Version%3Dv4.0"
		Debug.AspNetCompiler.VirtualPath = "/HotelBooking.Desktop"
		Debug.AspNetCompiler.PhysicalPath = ".\"
		Debug.AspNetCompiler.TargetPath = "..\PrecompiledWeb\HotelBooking.Desktop\"
		Debug.AspNetCompiler.Updateable = "true"
		Debug.AspNetCompiler.ForceOverwrite = "true"
		Debug.AspNetCompiler.FixedNames = "false"
		Debug.AspNetCompiler.Debug = "True"
		Release.AspNetCompiler.VirtualPath = "/HotelBooking.Desktop"
		Release.AspNetCompiler.PhysicalPath = ".\"
		Release.AspNetCompiler.TargetPath = "..\PrecompiledWeb\HotelBooking.Desktop\"
		Release.AspNetCompiler.Updateable = "true"
		Release.AspNetCompiler.ForceOverwrite = "true"
		Release.AspNetCompiler.FixedNames = "false"
		Release.AspNetCompiler.Debug = "False"
		SlnRelativePath = ".\"
	EndProjectSection
EndProject
Global
	GlobalSection(SolutionConfigurationPlatforms) = preSolution
		Debug|.NET = Debug|.NET
		Debug|Any CPU = Debug|Any CPU
		Release|.NET = Release|.NET
		Release|Any CPU = Release|Any CPU
	EndGlobalSection
	GlobalSection(ProjectConfigurationPlatforms) = postSolution
		{D6533CAB-3EC0-4E7D-8742-941001C42ED5}.Debug|.NET.ActiveCfg = Debug|.NET
		{D6533CAB-3EC0-4E7D-8742-941001C42ED5}.Debug|.NET.Build.0 = Debug|.NET
		{D6533CAB-3EC0-4E7D-8742-941001C42ED5}.Debug|Any CPU.ActiveCfg = Debug|.NET
		{D6533CAB-3EC0-4E7D-8742-941001C42ED5}.Release|.NET.ActiveCfg = Debug|.NET
		{D6533CAB-3EC0-4E7D-8742-941001C42ED5}.Release|.NET.Build.0 = Debug|.NET
		{D6533CAB-3EC0-4E7D-8742-941001C42ED5}.Release|Any CPU.ActiveCfg = Debug|.NET
	EndGlobalSection
	GlobalSection(SolutionProperties) = preSolution
		HideSolutionNode = FALSE
		StartPage="default.htm"
	EndGlobalSection
EndGlobal